{
  "name": "My_Keto_Pal_Front_End",
  "lockfileVersion": 2,
  "requires": true,
  "packages": {
    "": {
      "dependencies": {
        "@vueform/toggle": "^2.0.1"
      }
    },
    "node_modules/@vueform/toggle": {
      "version": "2.0.1",
      "resolved": "https://registry.npmjs.org/@vueform/toggle/-/toggle-2.0.1.tgz",
      "integrity": "sha512-Hx26jK+hJUndP4zUBXdScYnTlDwXhkRl+sPW1srkOHqImAcyV2932LzavZQIqK1MhBBukKt+X0wkR5cJL7duYw=="
    }
  },
  "dependencies": {
    "@vueform/toggle": {
      "version": "2.0.1",
      "resolved": "https://registry.npmjs.org/@vueform/toggle/-/toggle-2.0.1.tgz",
      "integrity": "sha512-Hx26jK+hJUndP4zUBXdScYnTlDwXhkRl+sPW1srkOHqImAcyV2932LzavZQIqK1MhBBukKt+X0wkR5cJL7duYw=="
    }
  }
}
